<?xml version="1.0" encoding="utf-8"?>
<Project ToolsVersion="4.0" xmlns="http://schemas.microsoft.com/developer/msbuild/2003">
  <ItemGroup>
    <Filter Include="Source Files">
      <UniqueIdentifier>{4FC737F1-C7A5-4376-A066-2A32D752A2FF}</UniqueIdentifier>
      <Extensions>cpp;c;cc;cxx;def;odl;idl;hpj;bat;asm;asmx</Extensions>
    </Filter>
    <Filter Include="Header Files">
      <UniqueIdentifier>{93995380-89BD-4b04-88EB-625FBE52EBFB}</UniqueIdentifier>
      <Extensions>h;hpp;hxx;hm;inl;inc;xsd</Extensions>
    </Filter>
    <Filter Include="Resource Files">
      <UniqueIdentifier>{67DA6AB6-F800-4c08-8B7A-83BB121AAD01}</UniqueIdentifier>
      <Extensions>rc;ico;cur;bmp;dlg;rc2;rct;bin;rgs;gif;jpg;jpeg;jpe;resx;tiff;tif;png;wav;mfcribbon-ms</Extensions>
    </Filter>
    <Filter Include="Mirim">
      <UniqueIdentifier>{f7bb14c8-d11a-49b8-bd99-747b3749d0e6}</UniqueIdentifier>
    </Filter>
    <Filter Include="pt_utils">
      <UniqueIdentifier>{f586f309-3ec1-41ce-a18d-86228ca85f94}</UniqueIdentifier>
    </Filter>
    <Filter Include="pugixml-1.2">
      <UniqueIdentifier>{0f70afdf-32f0-44f4-a697-c53ec1c0e492}</UniqueIdentifier>
    </Filter>
    <Filter Include="Microsoft Excel">
      <UniqueIdentifier>{b5017e74-891a-46f5-9c27-e412a346991c}</UniqueIdentifier>
    </Filter>
  </ItemGroup>
  <ItemGroup>
    <Text Include="ReadMe.txt" />
  </ItemGroup>
  <ItemGroup>
    <ClInclude Include="stdafx.h">
      <Filter>Header Files</Filter>
    </ClInclude>
    <ClInclude Include="targetver.h">
      <Filter>Header Files</Filter>
    </ClInclude>
    <ClInclude Include="Resource.h">
      <Filter>Header Files</Filter>
    </ClInclude>
    <ClInclude Include="pmp.h">
      <Filter>Header Files</Filter>
    </ClInclude>
    <ClInclude Include="Mirim\License.h">
      <Filter>Mirim</Filter>
    </ClInclude>
    <ClInclude Include="Mirim\MsExcel.h">
      <Filter>Mirim</Filter>
    </ClInclude>
    <ClInclude Include="Mirim\MsgBox.h">
      <Filter>Mirim</Filter>
    </ClInclude>
    <ClInclude Include="Mirim\Option.h">
      <Filter>Mirim</Filter>
    </ClInclude>
    <ClInclude Include="Mirim\ProTk.h">
      <Filter>Mirim</Filter>
    </ClInclude>
    <ClInclude Include="Mirim\TLog.h">
      <Filter>Mirim</Filter>
    </ClInclude>
    <ClInclude Include="Mirim\Util.h">
      <Filter>Mirim</Filter>
    </ClInclude>
    <ClInclude Include="Session.h">
      <Filter>Header Files</Filter>
    </ClInclude>
    <ClInclude Include="CApplication.h">
      <Filter>Microsoft Excel</Filter>
    </ClInclude>
    <ClInclude Include="CRange.h">
      <Filter>Microsoft Excel</Filter>
    </ClInclude>
    <ClInclude Include="CRanges.h">
      <Filter>Microsoft Excel</Filter>
    </ClInclude>
    <ClInclude Include="CWorkbook.h">
      <Filter>Microsoft Excel</Filter>
    </ClInclude>
    <ClInclude Include="CWorkbooks.h">
      <Filter>Microsoft Excel</Filter>
    </ClInclude>
    <ClInclude Include="CWorksheet.h">
      <Filter>Microsoft Excel</Filter>
    </ClInclude>
    <ClInclude Include="CWorksheets.h">
      <Filter>Microsoft Excel</Filter>
    </ClInclude>
    <ClInclude Include="Model.h">
      <Filter>Header Files</Filter>
    </ClInclude>
    <ClInclude Include="AsmRename.h">
      <Filter>Header Files</Filter>
    </ClInclude>
    <ClInclude Include="BatchPlot.h">
      <Filter>Header Files</Filter>
    </ClInclude>
    <ClInclude Include="TableCompNames.h">
      <Filter>Header Files</Filter>
    </ClInclude>
    <ClInclude Include="FindParam.h">
      <Filter>Header Files</Filter>
    </ClInclude>
    <ClInclude Include="Drw.h">
      <Filter>Header Files</Filter>
    </ClInclude>
    <ClInclude Include="Base64.h">
      <Filter>Header Files</Filter>
    </ClInclude>
    <ClInclude Include="BlowFish.h">
      <Filter>Header Files</Filter>
    </ClInclude>
    <ClInclude Include="SfaBom.h">
      <Filter>Header Files</Filter>
    </ClInclude>
    <ClInclude Include="SfaPart.h">
      <Filter>Header Files</Filter>
    </ClInclude>
  </ItemGroup>
  <ItemGroup>
    <ClCompile Include="stdafx.cpp">
      <Filter>Source Files</Filter>
    </ClCompile>
    <ClCompile Include="pmp.cpp">
      <Filter>Source Files</Filter>
    </ClCompile>
    <ClCompile Include="Mirim\License.cpp">
      <Filter>Mirim</Filter>
    </ClCompile>
    <ClCompile Include="Mirim\MsExcel.cpp">
      <Filter>Mirim</Filter>
    </ClCompile>
    <ClCompile Include="Mirim\MsgBox.cpp">
      <Filter>Mirim</Filter>
    </ClCompile>
    <ClCompile Include="Mirim\Option.cpp">
      <Filter>Mirim</Filter>
    </ClCompile>
    <ClCompile Include="Mirim\TLog.cpp">
      <Filter>Mirim</Filter>
    </ClCompile>
    <ClCompile Include="Mirim\Util.cpp">
      <Filter>Mirim</Filter>
    </ClCompile>
    <ClCompile Include="pt_utils\pt_utils.c">
      <Filter>pt_utils</Filter>
    </ClCompile>
    <ClCompile Include="pugixml-1.2\src\pugixml.cpp">
      <Filter>pugixml-1.2</Filter>
    </ClCompile>
    <ClCompile Include="Dialog.cpp">
      <Filter>Source Files</Filter>
    </ClCompile>
    <ClCompile Include="StdParam.cpp">
      <Filter>Source Files</Filter>
    </ClCompile>
    <ClCompile Include="Table.cpp">
      <Filter>Source Files</Filter>
    </ClCompile>
    <ClCompile Include="UI.cpp">
      <Filter>Source Files</Filter>
    </ClCompile>
    <ClCompile Include="Session.cpp">
      <Filter>Source Files</Filter>
    </ClCompile>
    <ClCompile Include="AsmRename.cpp">
      <Filter>Source Files</Filter>
    </ClCompile>
    <ClCompile Include="BatchPlot.cpp">
      <Filter>Source Files</Filter>
    </ClCompile>
    <ClCompile Include="TableCompNames.cpp">
      <Filter>Source Files</Filter>
    </ClCompile>
    <ClCompile Include="FindParam.cpp">
      <Filter>Source Files</Filter>
    </ClCompile>
    <ClCompile Include="Drw.cpp">
      <Filter>Source Files</Filter>
    </ClCompile>
    <ClCompile Include="Base64.cpp">
      <Filter>Source Files</Filter>
    </ClCompile>
    <ClCompile Include="BlowFish.cpp">
      <Filter>Source Files</Filter>
    </ClCompile>
    <ClCompile Include="SfaBom.cpp">
      <Filter>Source Files</Filter>
    </ClCompile>
    <ClCompile Include="SfaPart.cpp">
      <Filter>Source Files</Filter>
    </ClCompile>
  </ItemGroup>
  <ItemGroup>
    <ResourceCompile Include="pmp.rc">
      <Filter>Resource Files</Filter>
    </ResourceCompile>
  </ItemGroup>
</Project>